
Microsoft Visual Studio Solution File, Format Version 12.00
# Visual Studio Version 17
VisualStudioVersion = 17.13.35919.96 d17.13
MinimumVisualStudioVersion = 10.0.40219.1
Project("{FAE04EC0-301F-11D3-BF4B-00C04F79EFBC}") = "webgiaohang", "webgiaohang.csproj", "{98ED5C68-0F58-4C05-9ED8-366C59F3276D}"
EndProject
Global
	GlobalSection(SolutionConfigurationPlatforms) = preSolution
		Debug|Any CPU = Debug|Any CPU
		Release|Any CPU = Release|Any CPU
	EndGlobalSection
	GlobalSection(ProjectConfigurationPlatforms) = postSolution
		{98ED5C68-0F58-4C05-9ED8-366C59F3276D}.Debug|Any CPU.ActiveCfg = Debug|Any CPU
		{98ED5C68-0F58-4C05-9ED8-366C59F3276D}.Debug|Any CPU.Build.0 = Debug|Any CPU
		{98ED5C68-0F58-4C05-9ED8-366C59F3276D}.Release|Any CPU.ActiveCfg = Release|Any CPU
		{98ED5C68-0F58-4C05-9ED8-366C59F3276D}.Release|Any CPU.Build.0 = Release|Any CPU
	EndGlobalSection
	GlobalSection(SolutionProperties) = preSolution
		HideSolutionNode = FALSE
	EndGlobalSection
	GlobalSection(ExtensibilityGlobals) = postSolution
		SolutionGuid = {646798FE-3AA9-4F36-9240-6EC2CCB3E164}
	EndGlobalSection
EndGlobal
